
Microsoft Visual Studio Solution File, Format Version 12.00
# Visual Studio Version 17
VisualStudioVersion = 17.11.35219.272
MinimumVisualStudioVersion = 10.0.40219.1
Project("{FAE04EC0-301F-11D3-BF4B-00C04F79EFBC}") = "Bezier_Curve", "Bezier_Curve\Bezier_Curve.csproj", "{A98DCF1A-E30D-4668-B6D1-9BD2B61B5789}"
EndProject
Global
	GlobalSection(SolutionConfigurationPlatforms) = preSolution
		Debug|Any CPU = Debug|Any CPU
		Release|Any CPU = Release|Any CPU
	EndGlobalSection
	GlobalSection(ProjectConfigurationPlatforms) = postSolution
		{A98DCF1A-E30D-4668-B6D1-9BD2B61B5789}.Debug|Any CPU.ActiveCfg = Debug|Any CPU
		{A98DCF1A-E30D-4668-B6D1-9BD2B61B5789}.Debug|Any CPU.Build.0 = Debug|Any CPU
		{A98DCF1A-E30D-4668-B6D1-9BD2B61B5789}.Release|Any CPU.ActiveCfg = Release|Any CPU
		{A98DCF1A-E30D-4668-B6D1-9BD2B61B5789}.Release|Any CPU.Build.0 = Release|Any CPU
	EndGlobalSection
	GlobalSection(SolutionProperties) = preSolution
		HideSolutionNode = FALSE
	EndGlobalSection
	GlobalSection(ExtensibilityGlobals) = postSolution
		SolutionGuid = {E4974233-4A3B-4C8A-BE54-2CFAEFA79881}
	EndGlobalSection
EndGlobal
